
Microsoft Visual Studio Solution File, Format Version 12.00
# Visual Studio Version 17
VisualStudioVersion = 17.4.33122.133
MinimumVisualStudioVersion = 10.0.40219.1
Project("{9A19103F-16F7-4668-BE54-9A1E7A4F7556}") = "TP3", "TP3\TP3.csproj", "{59EF798D-B6AF-4A33-8089-455DAC2C2775}"
EndProject
Project("{FAE04EC0-301F-11D3-BF4B-00C04F79EFBC}") = "TP4", "TP4\TP4.csproj", "{340EF931-491E-488A-BCB5-32C955C565A1}"
EndProject
Global
	GlobalSection(SolutionConfigurationPlatforms) = preSolution
		Debug|Any CPU = Debug|Any CPU
		Release|Any CPU = Release|Any CPU
	EndGlobalSection
	GlobalSection(ProjectConfigurationPlatforms) = postSolution
		{59EF798D-B6AF-4A33-8089-455DAC2C2775}.Debug|Any CPU.ActiveCfg = Debug|Any CPU
		{59EF798D-B6AF-4A33-8089-455DAC2C2775}.Debug|Any CPU.Build.0 = Debug|Any CPU
		{59EF798D-B6AF-4A33-8089-455DAC2C2775}.Release|Any CPU.ActiveCfg = Release|Any CPU
		{59EF798D-B6AF-4A33-8089-455DAC2C2775}.Release|Any CPU.Build.0 = Release|Any CPU
		{340EF931-491E-488A-BCB5-32C955C565A1}.Debug|Any CPU.ActiveCfg = Debug|Any CPU
		{340EF931-491E-488A-BCB5-32C955C565A1}.Debug|Any CPU.Build.0 = Debug|Any CPU
		{340EF931-491E-488A-BCB5-32C955C565A1}.Release|Any CPU.ActiveCfg = Release|Any CPU
		{340EF931-491E-488A-BCB5-32C955C565A1}.Release|Any CPU.Build.0 = Release|Any CPU
	EndGlobalSection
	GlobalSection(SolutionProperties) = preSolution
		HideSolutionNode = FALSE
	EndGlobalSection
	GlobalSection(ExtensibilityGlobals) = postSolution
		SolutionGuid = {63F296D2-C55C-45CB-9391-D9F839FADB8A}
	EndGlobalSection
EndGlobal
